<Solution>
  <Project Path="OrdersService.Api/OrdersService.Api.csproj" />
  <Project Path="OrdersService.Application/OrdersService.Application.csproj" />
  <Project Path="OrdersService.Domain/OrdersService.Domain.csproj" />
  <Project Path="OrdersService.Infrastructure/OrdersService.Infrastructure.csproj" />
</Solution>
